// !$*UTF8*$!
{
	archiveVersion = 1;
	classes = {
	};
	objectVersion = 56;
	objects = {

/* Begin PBXBuildFile section */
		131F1BDCC4AF63BF42442936 /* libPods-WeatherPalTests.a in Frameworks */ = {isa = PBXBuildFile; fileRef = 823C58AB47C482776B93A362 /* libPods-WeatherPalTests.a */; };
		689DC458BA605CC12030924C /* libPods-WeatherPal.a in Frameworks */ = {isa = PBXBuildFile; fileRef = 4CDB2DA0113459AF398ABCF3 /* libPods-WeatherPal.a */; };
		80C864282CB9F80E002A2EBA /* AppDelegate.swift in Sources */ = {isa = PBXBuildFile; fileRef = 80C864272CB9F80E002A2EBA /* AppDelegate.swift */; };
		80C8642C2CB9F80E002A2EBA /* HomeViewController.swift in Sources */ = {isa = PBXBuildFile; fileRef = 80C8642B2CB9F80E002A2EBA /* HomeViewController.swift */; };
		80C8642F2CB9F80E002A2EBA /* Base in Resources */ = {isa = PBXBuildFile; fileRef = 80C8642E2CB9F80E002A2EBA /* Base */; };
		80C864322CB9F80E002A2EBA /* WeatherPal.xcdatamodeld in Sources */ = {isa = PBXBuildFile; fileRef = 80C864302CB9F80E002A2EBA /* WeatherPal.xcdatamodeld */; };
		80C864342CB9F80F002A2EBA /* Assets.xcassets in Resources */ = {isa = PBXBuildFile; fileRef = 80C864332CB9F80F002A2EBA /* Assets.xcassets */; };
		80C864372CB9F80F002A2EBA /* Base in Resources */ = {isa = PBXBuildFile; fileRef = 80C864362CB9F80F002A2EBA /* Base */; };
		80C864422CB9F810002A2EBA /* WeatherPalTests.swift in Sources */ = {isa = PBXBuildFile; fileRef = 80C864412CB9F810002A2EBA /* WeatherPalTests.swift */; };
		80C8644C2CB9F810002A2EBA /* WeatherPalUITests.swift in Sources */ = {isa = PBXBuildFile; fileRef = 80C8644B2CB9F810002A2EBA /* WeatherPalUITests.swift */; };
		80C8644E2CB9F810002A2EBA /* WeatherPalUITestsLaunchTests.swift in Sources */ = {isa = PBXBuildFile; fileRef = 80C8644D2CB9F810002A2EBA /* WeatherPalUITestsLaunchTests.swift */; };
		80C864612CB9F9FE002A2EBA /* WeatherRepo.swift in Sources */ = {isa = PBXBuildFile; fileRef = 80C8645A2CB9F9FE002A2EBA /* WeatherRepo.swift */; };
		80C864622CB9F9FE002A2EBA /* WeatherRouter.swift in Sources */ = {isa = PBXBuildFile; fileRef = 80C8645B2CB9F9FE002A2EBA /* WeatherRouter.swift */; };
		80C864632CB9F9FE002A2EBA /* WeatherStore.swift in Sources */ = {isa = PBXBuildFile; fileRef = 80C8645C2CB9F9FE002A2EBA /* WeatherStore.swift */; };
		80C864642CB9F9FE002A2EBA /* WeatherUseCase.swift in Sources */ = {isa = PBXBuildFile; fileRef = 80C8645D2CB9F9FE002A2EBA /* WeatherUseCase.swift */; };
		80C864652CB9F9FE002A2EBA /* BaseNetworkManager.swift in Sources */ = {isa = PBXBuildFile; fileRef = 80C8645F2CB9F9FE002A2EBA /* BaseNetworkManager.swift */; };
		80C8646A2CB9FA56002A2EBA /* CurrentWeatherResponseModel.swift in Sources */ = {isa = PBXBuildFile; fileRef = 80C864672CB9FA56002A2EBA /* CurrentWeatherResponseModel.swift */; };
		80C8646B2CB9FA56002A2EBA /* Constants.swift in Sources */ = {isa = PBXBuildFile; fileRef = 80C864692CB9FA56002A2EBA /* Constants.swift */; };
		80C8646E2CB9FB77002A2EBA /* EmptyView.swift in Sources */ = {isa = PBXBuildFile; fileRef = 80C8646D2CB9FB77002A2EBA /* EmptyView.swift */; };
		80C864702CB9FB81002A2EBA /* EmptyView.xib in Resources */ = {isa = PBXBuildFile; fileRef = 80C8646F2CB9FB81002A2EBA /* EmptyView.xib */; };
		80C864792CB9FC27002A2EBA /* UIView+Extension.swift in Sources */ = {isa = PBXBuildFile; fileRef = 80C864782CB9FC27002A2EBA /* UIView+Extension.swift */; };
		80C8647D2CBA0B59002A2EBA /* HomeViewModel.swift in Sources */ = {isa = PBXBuildFile; fileRef = 80C8647C2CBA0B59002A2EBA /* HomeViewModel.swift */; };
		80C864842CBA6416002A2EBA /* CurrentWeatherView.swift in Sources */ = {isa = PBXBuildFile; fileRef = 80C864832CBA6416002A2EBA /* CurrentWeatherView.swift */; };
		80C864862CBA641E002A2EBA /* CurrentWeatherView.xib in Resources */ = {isa = PBXBuildFile; fileRef = 80C864852CBA641E002A2EBA /* CurrentWeatherView.xib */; };
		80C8648A2CBA6557002A2EBA /* WeatherTableViewCell.xib in Resources */ = {isa = PBXBuildFile; fileRef = 80C864892CBA6557002A2EBA /* WeatherTableViewCell.xib */; };
		80C8648B2CBA6557002A2EBA /* WeatherTableViewCell.swift in Sources */ = {isa = PBXBuildFile; fileRef = 80C864882CBA6557002A2EBA /* WeatherTableViewCell.swift */; };
		B912562645BCD382B108BA40 /* libPods-WeatherPal-WeatherPalUITests.a in Frameworks */ = {isa = PBXBuildFile; fileRef = BFEF3220474D88660FBC0554 /* libPods-WeatherPal-WeatherPalUITests.a */; };
/* End PBXBuildFile section */

/* Begin PBXContainerItemProxy section */
		80C8643E2CB9F810002A2EBA /* PBXContainerItemProxy */ = {
			isa = PBXContainerItemProxy;
			containerPortal = 80C8641C2CB9F80E002A2EBA /* Project object */;
			proxyType = 1;
			remoteGlobalIDString = 80C864232CB9F80E002A2EBA;
			remoteInfo = WeatherPal;
		};
		80C864482CB9F810002A2EBA /* PBXContainerItemProxy */ = {
			isa = PBXContainerItemProxy;
			containerPortal = 80C8641C2CB9F80E002A2EBA /* Project object */;
			proxyType = 1;
			remoteGlobalIDString = 80C864232CB9F80E002A2EBA;
			remoteInfo = WeatherPal;
		};
/* End PBXContainerItemProxy section */

/* Begin PBXFileReference section */
		2DC17FB31C0A7A92C30A7FD6 /* Pods-WeatherPal.debug.xcconfig */ = {isa = PBXFileReference; includeInIndex = 1; lastKnownFileType = text.xcconfig; name = "Pods-WeatherPal.debug.xcconfig"; path = "Target Support Files/Pods-WeatherPal/Pods-WeatherPal.debug.xcconfig"; sourceTree = "<group>"; };
		4CDB2DA0113459AF398ABCF3 /* libPods-WeatherPal.a */ = {isa = PBXFileReference; explicitFileType = archive.ar; includeInIndex = 0; path = "libPods-WeatherPal.a"; sourceTree = BUILT_PRODUCTS_DIR; };
		657E746DFC0CDA7679170233 /* Pods-WeatherPal-WeatherPalUITests.release.xcconfig */ = {isa = PBXFileReference; includeInIndex = 1; lastKnownFileType = text.xcconfig; name = "Pods-WeatherPal-WeatherPalUITests.release.xcconfig"; path = "Target Support Files/Pods-WeatherPal-WeatherPalUITests/Pods-WeatherPal-WeatherPalUITests.release.xcconfig"; sourceTree = "<group>"; };
		80C864242CB9F80E002A2EBA /* WeatherPal.app */ = {isa = PBXFileReference; explicitFileType = wrapper.application; includeInIndex = 0; path = WeatherPal.app; sourceTree = BUILT_PRODUCTS_DIR; };
		80C864272CB9F80E002A2EBA /* AppDelegate.swift */ = {isa = PBXFileReference; lastKnownFileType = sourcecode.swift; path = AppDelegate.swift; sourceTree = "<group>"; };
		80C8642B2CB9F80E002A2EBA /* HomeViewController.swift */ = {isa = PBXFileReference; lastKnownFileType = sourcecode.swift; path = HomeViewController.swift; sourceTree = "<group>"; };
		80C8642E2CB9F80E002A2EBA /* Base */ = {isa = PBXFileReference; lastKnownFileType = file.storyboard; name = Base; path = Base.lproj/Main.storyboard; sourceTree = "<group>"; };
		80C864312CB9F80E002A2EBA /* WeatherPal.xcdatamodel */ = {isa = PBXFileReference; lastKnownFileType = wrapper.xcdatamodel; path = WeatherPal.xcdatamodel; sourceTree = "<group>"; };
		80C864332CB9F80F002A2EBA /* Assets.xcassets */ = {isa = PBXFileReference; lastKnownFileType = folder.assetcatalog; path = Assets.xcassets; sourceTree = "<group>"; };
		80C864362CB9F80F002A2EBA /* Base */ = {isa = PBXFileReference; lastKnownFileType = file.storyboard; name = Base; path = Base.lproj/LaunchScreen.storyboard; sourceTree = "<group>"; };
		80C864382CB9F80F002A2EBA /* Info.plist */ = {isa = PBXFileReference; lastKnownFileType = text.plist.xml; path = Info.plist; sourceTree = "<group>"; };
		80C8643D2CB9F810002A2EBA /* WeatherPalTests.xctest */ = {isa = PBXFileReference; explicitFileType = wrapper.cfbundle; includeInIndex = 0; path = WeatherPalTests.xctest; sourceTree = BUILT_PRODUCTS_DIR; };
		80C864412CB9F810002A2EBA /* WeatherPalTests.swift */ = {isa = PBXFileReference; lastKnownFileType = sourcecode.swift; path = WeatherPalTests.swift; sourceTree = "<group>"; };
		80C864472CB9F810002A2EBA /* WeatherPalUITests.xctest */ = {isa = PBXFileReference; explicitFileType = wrapper.cfbundle; includeInIndex = 0; path = WeatherPalUITests.xctest; sourceTree = BUILT_PRODUCTS_DIR; };
		80C8644B2CB9F810002A2EBA /* WeatherPalUITests.swift */ = {isa = PBXFileReference; lastKnownFileType = sourcecode.swift; path = WeatherPalUITests.swift; sourceTree = "<group>"; };
		80C8644D2CB9F810002A2EBA /* WeatherPalUITestsLaunchTests.swift */ = {isa = PBXFileReference; lastKnownFileType = sourcecode.swift; path = WeatherPalUITestsLaunchTests.swift; sourceTree = "<group>"; };
		80C8645A2CB9F9FE002A2EBA /* WeatherRepo.swift */ = {isa = PBXFileReference; fileEncoding = 4; lastKnownFileType = sourcecode.swift; path = WeatherRepo.swift; sourceTree = "<group>"; };
		80C8645B2CB9F9FE002A2EBA /* WeatherRouter.swift */ = {isa = PBXFileReference; fileEncoding = 4; lastKnownFileType = sourcecode.swift; path = WeatherRouter.swift; sourceTree = "<group>"; };
		80C8645C2CB9F9FE002A2EBA /* WeatherStore.swift */ = {isa = PBXFileReference; fileEncoding = 4; lastKnownFileType = sourcecode.swift; path = WeatherStore.swift; sourceTree = "<group>"; };
		80C8645D2CB9F9FE002A2EBA /* WeatherUseCase.swift */ = {isa = PBXFileReference; fileEncoding = 4; lastKnownFileType = sourcecode.swift; path = WeatherUseCase.swift; sourceTree = "<group>"; };
		80C8645F2CB9F9FE002A2EBA /* BaseNetworkManager.swift */ = {isa = PBXFileReference; fileEncoding = 4; lastKnownFileType = sourcecode.swift; path = BaseNetworkManager.swift; sourceTree = "<group>"; };
		80C864672CB9FA56002A2EBA /* CurrentWeatherResponseModel.swift */ = {isa = PBXFileReference; fileEncoding = 4; lastKnownFileType = sourcecode.swift; path = CurrentWeatherResponseModel.swift; sourceTree = "<group>"; };
		80C864692CB9FA56002A2EBA /* Constants.swift */ = {isa = PBXFileReference; fileEncoding = 4; lastKnownFileType = sourcecode.swift; path = Constants.swift; sourceTree = "<group>"; };
		80C8646D2CB9FB77002A2EBA /* EmptyView.swift */ = {isa = PBXFileReference; lastKnownFileType = sourcecode.swift; path = EmptyView.swift; sourceTree = "<group>"; };
		80C8646F2CB9FB81002A2EBA /* EmptyView.xib */ = {isa = PBXFileReference; lastKnownFileType = file.xib; path = EmptyView.xib; sourceTree = "<group>"; };
		80C864782CB9FC27002A2EBA /* UIView+Extension.swift */ = {isa = PBXFileReference; lastKnownFileType = sourcecode.swift; path = "UIView+Extension.swift"; sourceTree = "<group>"; };
		80C8647C2CBA0B59002A2EBA /* HomeViewModel.swift */ = {isa = PBXFileReference; lastKnownFileType = sourcecode.swift; path = HomeViewModel.swift; sourceTree = "<group>"; };
		80C864832CBA6416002A2EBA /* CurrentWeatherView.swift */ = {isa = PBXFileReference; lastKnownFileType = sourcecode.swift; path = CurrentWeatherView.swift; sourceTree = "<group>"; };
		80C864852CBA641E002A2EBA /* CurrentWeatherView.xib */ = {isa = PBXFileReference; lastKnownFileType = file.xib; path = CurrentWeatherView.xib; sourceTree = "<group>"; };
		80C864882CBA6557002A2EBA /* WeatherTableViewCell.swift */ = {isa = PBXFileReference; lastKnownFileType = sourcecode.swift; path = WeatherTableViewCell.swift; sourceTree = "<group>"; };
		80C864892CBA6557002A2EBA /* WeatherTableViewCell.xib */ = {isa = PBXFileReference; lastKnownFileType = file.xib; path = WeatherTableViewCell.xib; sourceTree = "<group>"; };
		823C58AB47C482776B93A362 /* libPods-WeatherPalTests.a */ = {isa = PBXFileReference; explicitFileType = archive.ar; includeInIndex = 0; path = "libPods-WeatherPalTests.a"; sourceTree = BUILT_PRODUCTS_DIR; };
		A96F509229B556D372CA7BE5 /* Pods-WeatherPal.release.xcconfig */ = {isa = PBXFileReference; includeInIndex = 1; lastKnownFileType = text.xcconfig; name = "Pods-WeatherPal.release.xcconfig"; path = "Target Support Files/Pods-WeatherPal/Pods-WeatherPal.release.xcconfig"; sourceTree = "<group>"; };
		AE04A0975E62093EB63FC07C /* Pods-WeatherPalTests.debug.xcconfig */ = {isa = PBXFileReference; includeInIndex = 1; lastKnownFileType = text.xcconfig; name = "Pods-WeatherPalTests.debug.xcconfig"; path = "Target Support Files/Pods-WeatherPalTests/Pods-WeatherPalTests.debug.xcconfig"; sourceTree = "<group>"; };
		BFEF3220474D88660FBC0554 /* libPods-WeatherPal-WeatherPalUITests.a */ = {isa = PBXFileReference; explicitFileType = archive.ar; includeInIndex = 0; path = "libPods-WeatherPal-WeatherPalUITests.a"; sourceTree = BUILT_PRODUCTS_DIR; };
		CE91DC1B0A9C8B43F35A6AC5 /* Pods-WeatherPal-WeatherPalUITests.debug.xcconfig */ = {isa = PBXFileReference; includeInIndex = 1; lastKnownFileType = text.xcconfig; name = "Pods-WeatherPal-WeatherPalUITests.debug.xcconfig"; path = "Target Support Files/Pods-WeatherPal-WeatherPalUITests/Pods-WeatherPal-WeatherPalUITests.debug.xcconfig"; sourceTree = "<group>"; };
		DC69BD724541D71F678BB2E7 /* Pods-WeatherPalTests.release.xcconfig */ = {isa = PBXFileReference; includeInIndex = 1; lastKnownFileType = text.xcconfig; name = "Pods-WeatherPalTests.release.xcconfig"; path = "Target Support Files/Pods-WeatherPalTests/Pods-WeatherPalTests.release.xcconfig"; sourceTree = "<group>"; };
/* End PBXFileReference section */

/* Begin PBXFrameworksBuildPhase section */
		80C864212CB9F80E002A2EBA /* Frameworks */ = {
			isa = PBXFrameworksBuildPhase;
			buildActionMask = 2147483647;
			files = (
				689DC458BA605CC12030924C /* libPods-WeatherPal.a in Frameworks */,
			);
			runOnlyForDeploymentPostprocessing = 0;
		};
		80C8643A2CB9F810002A2EBA /* Frameworks */ = {
			isa = PBXFrameworksBuildPhase;
			buildActionMask = 2147483647;
			files = (
				131F1BDCC4AF63BF42442936 /* libPods-WeatherPalTests.a in Frameworks */,
			);
			runOnlyForDeploymentPostprocessing = 0;
		};
		80C864442CB9F810002A2EBA /* Frameworks */ = {
			isa = PBXFrameworksBuildPhase;
			buildActionMask = 2147483647;
			files = (
				B912562645BCD382B108BA40 /* libPods-WeatherPal-WeatherPalUITests.a in Frameworks */,
			);
			runOnlyForDeploymentPostprocessing = 0;
		};
/* End PBXFrameworksBuildPhase section */

/* Begin PBXGroup section */
		1CFCD958CE8EE367D175B6CE /* Pods */ = {
			isa = PBXGroup;
			children = (
				2DC17FB31C0A7A92C30A7FD6 /* Pods-WeatherPal.debug.xcconfig */,
				A96F509229B556D372CA7BE5 /* Pods-WeatherPal.release.xcconfig */,
				CE91DC1B0A9C8B43F35A6AC5 /* Pods-WeatherPal-WeatherPalUITests.debug.xcconfig */,
				657E746DFC0CDA7679170233 /* Pods-WeatherPal-WeatherPalUITests.release.xcconfig */,
				AE04A0975E62093EB63FC07C /* Pods-WeatherPalTests.debug.xcconfig */,
				DC69BD724541D71F678BB2E7 /* Pods-WeatherPalTests.release.xcconfig */,
			);
			path = Pods;
			sourceTree = "<group>";
		};
		57A00755ED820D0FC361D044 /* Frameworks */ = {
			isa = PBXGroup;
			children = (
				4CDB2DA0113459AF398ABCF3 /* libPods-WeatherPal.a */,
				BFEF3220474D88660FBC0554 /* libPods-WeatherPal-WeatherPalUITests.a */,
				823C58AB47C482776B93A362 /* libPods-WeatherPalTests.a */,
			);
			name = Frameworks;
			sourceTree = "<group>";
		};
		80C8641B2CB9F80E002A2EBA = {
			isa = PBXGroup;
			children = (
				80C864262CB9F80E002A2EBA /* WeatherPal */,
				80C864402CB9F810002A2EBA /* WeatherPalTests */,
				80C8644A2CB9F810002A2EBA /* WeatherPalUITests */,
				80C864252CB9F80E002A2EBA /* Products */,
				1CFCD958CE8EE367D175B6CE /* Pods */,
				57A00755ED820D0FC361D044 /* Frameworks */,
			);
			sourceTree = "<group>";
		};
		80C864252CB9F80E002A2EBA /* Products */ = {
			isa = PBXGroup;
			children = (
				80C864242CB9F80E002A2EBA /* WeatherPal.app */,
				80C8643D2CB9F810002A2EBA /* WeatherPalTests.xctest */,
				80C864472CB9F810002A2EBA /* WeatherPalUITests.xctest */,
			);
			name = Products;
			sourceTree = "<group>";
		};
		80C864262CB9F80E002A2EBA /* WeatherPal */ = {
			isa = PBXGroup;
			children = (
				80C864772CB9FC12002A2EBA /* Extension */,
				80C8646C2CB9FB5F002A2EBA /* Presentation */,
				80C864662CB9FA56002A2EBA /* Business */,
				80C864692CB9FA56002A2EBA /* Constants.swift */,
				80C864682CB9FA56002A2EBA /* DTOs */,
				80C864602CB9F9FE002A2EBA /* Network */,
				80C864272CB9F80E002A2EBA /* AppDelegate.swift */,
				80C864332CB9F80F002A2EBA /* Assets.xcassets */,
				80C864352CB9F80F002A2EBA /* LaunchScreen.storyboard */,
				80C864382CB9F80F002A2EBA /* Info.plist */,
				80C864302CB9F80E002A2EBA /* WeatherPal.xcdatamodeld */,
			);
			path = WeatherPal;
			sourceTree = "<group>";
		};
		80C864402CB9F810002A2EBA /* WeatherPalTests */ = {
			isa = PBXGroup;
			children = (
				80C864412CB9F810002A2EBA /* WeatherPalTests.swift */,
			);
			path = WeatherPalTests;
			sourceTree = "<group>";
		};
		80C8644A2CB9F810002A2EBA /* WeatherPalUITests */ = {
			isa = PBXGroup;
			children = (
				80C8644B2CB9F810002A2EBA /* WeatherPalUITests.swift */,
				80C8644D2CB9F810002A2EBA /* WeatherPalUITestsLaunchTests.swift */,
			);
			path = WeatherPalUITests;
			sourceTree = "<group>";
		};
		80C8645E2CB9F9FE002A2EBA /* WeatherUseCase */ = {
			isa = PBXGroup;
			children = (
				80C8645A2CB9F9FE002A2EBA /* WeatherRepo.swift */,
				80C8645B2CB9F9FE002A2EBA /* WeatherRouter.swift */,
				80C8645C2CB9F9FE002A2EBA /* WeatherStore.swift */,
				80C8645D2CB9F9FE002A2EBA /* WeatherUseCase.swift */,
			);
			path = WeatherUseCase;
			sourceTree = "<group>";
		};
		80C864602CB9F9FE002A2EBA /* Network */ = {
			isa = PBXGroup;
			children = (
				80C8645E2CB9F9FE002A2EBA /* WeatherUseCase */,
				80C8645F2CB9F9FE002A2EBA /* BaseNetworkManager.swift */,
			);
			path = Network;
			sourceTree = "<group>";
		};
		80C864662CB9FA56002A2EBA /* Business */ = {
			isa = PBXGroup;
			children = (
				80C8647B2CBA0B50002A2EBA /* Home */,
			);
			path = Business;
			sourceTree = "<group>";
		};
		80C864682CB9FA56002A2EBA /* DTOs */ = {
			isa = PBXGroup;
			children = (
				80C864672CB9FA56002A2EBA /* CurrentWeatherResponseModel.swift */,
			);
			path = DTOs;
			sourceTree = "<group>";
		};
		80C8646C2CB9FB5F002A2EBA /* Presentation */ = {
			isa = PBXGroup;
			children = (
				80C864872CBA6540002A2EBA /* WeatherCell */,
				80C864822CBA6402002A2EBA /* CurrentWeatherView */,
				80C8647A2CBA0474002A2EBA /* Home */,
				80C864712CB9FB86002A2EBA /* EmptyView */,
			);
			path = Presentation;
			sourceTree = "<group>";
		};
		80C864712CB9FB86002A2EBA /* EmptyView */ = {
			isa = PBXGroup;
			children = (
				80C8646D2CB9FB77002A2EBA /* EmptyView.swift */,
				80C8646F2CB9FB81002A2EBA /* EmptyView.xib */,
			);
			path = EmptyView;
			sourceTree = "<group>";
		};
		80C864772CB9FC12002A2EBA /* Extension */ = {
			isa = PBXGroup;
			children = (
				80C864782CB9FC27002A2EBA /* UIView+Extension.swift */,
			);
			path = Extension;
			sourceTree = "<group>";
		};
		80C8647A2CBA0474002A2EBA /* Home */ = {
			isa = PBXGroup;
			children = (
				80C8642D2CB9F80E002A2EBA /* Main.storyboard */,
				80C8642B2CB9F80E002A2EBA /* HomeViewController.swift */,
			);
			path = Home;
			sourceTree = "<group>";
		};
		80C8647B2CBA0B50002A2EBA /* Home */ = {
			isa = PBXGroup;
			children = (
				80C8647C2CBA0B59002A2EBA /* HomeViewModel.swift */,
			);
			path = Home;
			sourceTree = "<group>";
		};
		80C864822CBA6402002A2EBA /* CurrentWeatherView */ = {
			isa = PBXGroup;
			children = (
				80C864832CBA6416002A2EBA /* CurrentWeatherView.swift */,
				80C864852CBA641E002A2EBA /* CurrentWeatherView.xib */,
			);
			path = CurrentWeatherView;
			sourceTree = "<group>";
		};
		80C864872CBA6540002A2EBA /* WeatherCell */ = {
			isa = PBXGroup;
			children = (
				80C864882CBA6557002A2EBA /* WeatherTableViewCell.swift */,
				80C864892CBA6557002A2EBA /* WeatherTableViewCell.xib */,
			);
			path = WeatherCell;
			sourceTree = "<group>";
		};
/* End PBXGroup section */

/* Begin PBXNativeTarget section */
		80C864232CB9F80E002A2EBA /* WeatherPal */ = {
			isa = PBXNativeTarget;
			buildConfigurationList = 80C864512CB9F810002A2EBA /* Build configuration list for PBXNativeTarget "WeatherPal" */;
			buildPhases = (
				7BC015B1197D6CC040AC4082 /* [CP] Check Pods Manifest.lock */,
				80C864202CB9F80E002A2EBA /* Sources */,
				80C864212CB9F80E002A2EBA /* Frameworks */,
				80C864222CB9F80E002A2EBA /* Resources */,
				F33C3B8A8088543D96FF77DB /* [CP] Copy Pods Resources */,
			);
			buildRules = (
			);
			dependencies = (
			);
			name = WeatherPal;
			productName = WeatherPal;
			productReference = 80C864242CB9F80E002A2EBA /* WeatherPal.app */;
			productType = "com.apple.product-type.application";
		};
		80C8643C2CB9F810002A2EBA /* WeatherPalTests */ = {
			isa = PBXNativeTarget;
			buildConfigurationList = 80C864542CB9F810002A2EBA /* Build configuration list for PBXNativeTarget "WeatherPalTests" */;
			buildPhases = (
				989B8302FCAF33FBE62C2F1B /* [CP] Check Pods Manifest.lock */,
				80C864392CB9F810002A2EBA /* Sources */,
				80C8643A2CB9F810002A2EBA /* Frameworks */,
				80C8643B2CB9F810002A2EBA /* Resources */,
			);
			buildRules = (
			);
			dependencies = (
				80C8643F2CB9F810002A2EBA /* PBXTargetDependency */,
			);
			name = WeatherPalTests;
			productName = WeatherPalTests;
			productReference = 80C8643D2CB9F810002A2EBA /* WeatherPalTests.xctest */;
			productType = "com.apple.product-type.bundle.unit-test";
		};
		80C864462CB9F810002A2EBA /* WeatherPalUITests */ = {
			isa = PBXNativeTarget;
			buildConfigurationList = 80C864572CB9F810002A2EBA /* Build configuration list for PBXNativeTarget "WeatherPalUITests" */;
			buildPhases = (
				C7E10DA93A047031310F078F /* [CP] Check Pods Manifest.lock */,
				80C864432CB9F810002A2EBA /* Sources */,
				80C864442CB9F810002A2EBA /* Frameworks */,
				80C864452CB9F810002A2EBA /* Resources */,
				EE666C6702C3646112960DD4 /* [CP] Copy Pods Resources */,
			);
			buildRules = (
			);
			dependencies = (
				80C864492CB9F810002A2EBA /* PBXTargetDependency */,
			);
			name = WeatherPalUITests;
			productName = WeatherPalUITests;
			productReference = 80C864472CB9F810002A2EBA /* WeatherPalUITests.xctest */;
			productType = "com.apple.product-type.bundle.ui-testing";
		};
/* End PBXNativeTarget section */

/* Begin PBXProject section */
		80C8641C2CB9F80E002A2EBA /* Project object */ = {
			isa = PBXProject;
			attributes = {
				BuildIndependentTargetsInParallel = 1;
				LastSwiftUpdateCheck = 1540;
				LastUpgradeCheck = 1540;
				TargetAttributes = {
					80C864232CB9F80E002A2EBA = {
						CreatedOnToolsVersion = 15.4;
					};
					80C8643C2CB9F810002A2EBA = {
						CreatedOnToolsVersion = 15.4;
						TestTargetID = 80C864232CB9F80E002A2EBA;
					};
					80C864462CB9F810002A2EBA = {
						CreatedOnToolsVersion = 15.4;
						TestTargetID = 80C864232CB9F80E002A2EBA;
					};
				};
			};
			buildConfigurationList = 80C8641F2CB9F80E002A2EBA /* Build configuration list for PBXProject "WeatherPal" */;
			compatibilityVersion = "Xcode 14.0";
			developmentRegion = en;
			hasScannedForEncodings = 0;
			knownRegions = (
				en,
				Base,
			);
			mainGroup = 80C8641B2CB9F80E002A2EBA;
			productRefGroup = 80C864252CB9F80E002A2EBA /* Products */;
			projectDirPath = "";
			projectRoot = "";
			targets = (
				80C864232CB9F80E002A2EBA /* WeatherPal */,
				80C8643C2CB9F810002A2EBA /* WeatherPalTests */,
				80C864462CB9F810002A2EBA /* WeatherPalUITests */,
			);
		};
/* End PBXProject section */

/* Begin PBXResourcesBuildPhase section */
		80C864222CB9F80E002A2EBA /* Resources */ = {
			isa = PBXResourcesBuildPhase;
			buildActionMask = 2147483647;
			files = (
				80C864702CB9FB81002A2EBA /* EmptyView.xib in Resources */,
				80C864342CB9F80F002A2EBA /* Assets.xcassets in Resources */,
				80C864372CB9F80F002A2EBA /* Base in Resources */,
				80C8642F2CB9F80E002A2EBA /* Base in Resources */,
				80C864862CBA641E002A2EBA /* CurrentWeatherView.xib in Resources */,
				80C8648A2CBA6557002A2EBA /* WeatherTableViewCell.xib in Resources */,
			);
			runOnlyForDeploymentPostprocessing = 0;
		};
		80C8643B2CB9F810002A2EBA /* Resources */ = {
			isa = PBXResourcesBuildPhase;
			buildActionMask = 2147483647;
			files = (
			);
			runOnlyForDeploymentPostprocessing = 0;
		};
		80C864452CB9F810002A2EBA /* Resources */ = {
			isa = PBXResourcesBuildPhase;
			buildActionMask = 2147483647;
			files = (
			);
			runOnlyForDeploymentPostprocessing = 0;
		};
/* End PBXResourcesBuildPhase section */

/* Begin PBXShellScriptBuildPhase section */
		7BC015B1197D6CC040AC4082 /* [CP] Check Pods Manifest.lock */ = {
			isa = PBXShellScriptBuildPhase;
			buildActionMask = 2147483647;
			files = (
			);
			inputFileListPaths = (
			);
			inputPaths = (
				"${PODS_PODFILE_DIR_PATH}/Podfile.lock",
				"${PODS_ROOT}/Manifest.lock",
			);
			name = "[CP] Check Pods Manifest.lock";
			outputFileListPaths = (
			);
			outputPaths = (
				"$(DERIVED_FILE_DIR)/Pods-WeatherPal-checkManifestLockResult.txt",
			);
			runOnlyForDeploymentPostprocessing = 0;
			shellPath = /bin/sh;
			shellScript = "diff \"${PODS_PODFILE_DIR_PATH}/Podfile.lock\" \"${PODS_ROOT}/Manifest.lock\" > /dev/null\nif [ $? != 0 ] ; then\n    # print error to STDERR\n    echo \"error: The sandbox is not in sync with the Podfile.lock. Run 'pod install' or update your CocoaPods installation.\" >&2\n    exit 1\nfi\n# This output is used by Xcode 'outputs' to avoid re-running this script phase.\necho \"SUCCESS\" > \"${SCRIPT_OUTPUT_FILE_0}\"\n";
			showEnvVarsInLog = 0;
		};
		989B8302FCAF33FBE62C2F1B /* [CP] Check Pods Manifest.lock */ = {
			isa = PBXShellScriptBuildPhase;
			buildActionMask = 2147483647;
			files = (
			);
			inputFileListPaths = (
			);
			inputPaths = (
				"${PODS_PODFILE_DIR_PATH}/Podfile.lock",
				"${PODS_ROOT}/Manifest.lock",
			);
			name = "[CP] Check Pods Manifest.lock";
			outputFileListPaths = (
			);
			outputPaths = (
				"$(DERIVED_FILE_DIR)/Pods-WeatherPalTests-checkManifestLockResult.txt",
			);
			runOnlyForDeploymentPostprocessing = 0;
			shellPath = /bin/sh;
			shellScript = "diff \"${PODS_PODFILE_DIR_PATH}/Podfile.lock\" \"${PODS_ROOT}/Manifest.lock\" > /dev/null\nif [ $? != 0 ] ; then\n    # print error to STDERR\n    echo \"error: The sandbox is not in sync with the Podfile.lock. Run 'pod install' or update your CocoaPods installation.\" >&2\n    exit 1\nfi\n# This output is used by Xcode 'outputs' to avoid re-running this script phase.\necho \"SUCCESS\" > \"${SCRIPT_OUTPUT_FILE_0}\"\n";
			showEnvVarsInLog = 0;
		};
		C7E10DA93A047031310F078F /* [CP] Check Pods Manifest.lock */ = {
			isa = PBXShellScriptBuildPhase;
			buildActionMask = 2147483647;
			files = (
			);
			inputFileListPaths = (
			);
			inputPaths = (
				"${PODS_PODFILE_DIR_PATH}/Podfile.lock",
				"${PODS_ROOT}/Manifest.lock",
			);
			name = "[CP] Check Pods Manifest.lock";
			outputFileListPaths = (
			);
			outputPaths = (
				"$(DERIVED_FILE_DIR)/Pods-WeatherPal-WeatherPalUITests-checkManifestLockResult.txt",
			);
			runOnlyForDeploymentPostprocessing = 0;
			shellPath = /bin/sh;
			shellScript = "diff \"${PODS_PODFILE_DIR_PATH}/Podfile.lock\" \"${PODS_ROOT}/Manifest.lock\" > /dev/null\nif [ $? != 0 ] ; then\n    # print error to STDERR\n    echo \"error: The sandbox is not in sync with the Podfile.lock. Run 'pod install' or update your CocoaPods installation.\" >&2\n    exit 1\nfi\n# This output is used by Xcode 'outputs' to avoid re-running this script phase.\necho \"SUCCESS\" > \"${SCRIPT_OUTPUT_FILE_0}\"\n";
			showEnvVarsInLog = 0;
		};
		EE666C6702C3646112960DD4 /* [CP] Copy Pods Resources */ = {
			isa = PBXShellScriptBuildPhase;
			buildActionMask = 2147483647;
			files = (
			);
			inputFileListPaths = (
				"${PODS_ROOT}/Target Support Files/Pods-WeatherPal-WeatherPalUITests/Pods-WeatherPal-WeatherPalUITests-resources-${CONFIGURATION}-input-files.xcfilelist",
			);
			name = "[CP] Copy Pods Resources";
			outputFileListPaths = (
				"${PODS_ROOT}/Target Support Files/Pods-WeatherPal-WeatherPalUITests/Pods-WeatherPal-WeatherPalUITests-resources-${CONFIGURATION}-output-files.xcfilelist",
			);
			runOnlyForDeploymentPostprocessing = 0;
			shellPath = /bin/sh;
			shellScript = "\"${PODS_ROOT}/Target Support Files/Pods-WeatherPal-WeatherPalUITests/Pods-WeatherPal-WeatherPalUITests-resources.sh\"\n";
			showEnvVarsInLog = 0;
		};
		F33C3B8A8088543D96FF77DB /* [CP] Copy Pods Resources */ = {
			isa = PBXShellScriptBuildPhase;
			buildActionMask = 2147483647;
			files = (
			);
			inputFileListPaths = (
				"${PODS_ROOT}/Target Support Files/Pods-WeatherPal/Pods-WeatherPal-resources-${CONFIGURATION}-input-files.xcfilelist",
			);
			name = "[CP] Copy Pods Resources";
			outputFileListPaths = (
				"${PODS_ROOT}/Target Support Files/Pods-WeatherPal/Pods-WeatherPal-resources-${CONFIGURATION}-output-files.xcfilelist",
			);
			runOnlyForDeploymentPostprocessing = 0;
			shellPath = /bin/sh;
			shellScript = "\"${PODS_ROOT}/Target Support Files/Pods-WeatherPal/Pods-WeatherPal-resources.sh\"\n";
			showEnvVarsInLog = 0;
		};
/* End PBXShellScriptBuildPhase section */

/* Begin PBXSourcesBuildPhase section */
		80C864202CB9F80E002A2EBA /* Sources */ = {
			isa = PBXSourcesBuildPhase;
			buildActionMask = 2147483647;
			files = (
				80C864642CB9F9FE002A2EBA /* WeatherUseCase.swift in Sources */,
				80C864792CB9FC27002A2EBA /* UIView+Extension.swift in Sources */,
				80C8646A2CB9FA56002A2EBA /* CurrentWeatherResponseModel.swift in Sources */,
				80C864842CBA6416002A2EBA /* CurrentWeatherView.swift in Sources */,
				80C8646E2CB9FB77002A2EBA /* EmptyView.swift in Sources */,
				80C864632CB9F9FE002A2EBA /* WeatherStore.swift in Sources */,
				80C864322CB9F80E002A2EBA /* WeatherPal.xcdatamodeld in Sources */,
				80C864652CB9F9FE002A2EBA /* BaseNetworkManager.swift in Sources */,
				80C8648B2CBA6557002A2EBA /* WeatherTableViewCell.swift in Sources */,
				80C8646B2CB9FA56002A2EBA /* Constants.swift in Sources */,
				80C8647D2CBA0B59002A2EBA /* HomeViewModel.swift in Sources */,
				80C864622CB9F9FE002A2EBA /* WeatherRouter.swift in Sources */,
				80C8642C2CB9F80E002A2EBA /* HomeViewController.swift in Sources */,
				80C864612CB9F9FE002A2EBA /* WeatherRepo.swift in Sources */,
				80C864282CB9F80E002A2EBA /* AppDelegate.swift in Sources */,
			);
			runOnlyForDeploymentPostprocessing = 0;
		};
		80C864392CB9F810002A2EBA /* Sources */ = {
			isa = PBXSourcesBuildPhase;
			buildActionMask = 2147483647;
			files = (
				80C864422CB9F810002A2EBA /* WeatherPalTests.swift in Sources */,
			);
			runOnlyForDeploymentPostprocessing = 0;
		};
		80C864432CB9F810002A2EBA /* Sources */ = {
			isa = PBXSourcesBuildPhase;
			buildActionMask = 2147483647;
			files = (
				80C8644C2CB9F810002A2EBA /* WeatherPalUITests.swift in Sources */,
				80C8644E2CB9F810002A2EBA /* WeatherPalUITestsLaunchTests.swift in Sources */,
			);
			runOnlyForDeploymentPostprocessing = 0;
		};
/* End PBXSourcesBuildPhase section */

/* Begin PBXTargetDependency section */
		80C8643F2CB9F810002A2EBA /* PBXTargetDependency */ = {
			isa = PBXTargetDependency;
			target = 80C864232CB9F80E002A2EBA /* WeatherPal */;
			targetProxy = 80C8643E2CB9F810002A2EBA /* PBXContainerItemProxy */;
		};
		80C864492CB9F810002A2EBA /* PBXTargetDependency */ = {
			isa = PBXTargetDependency;
			target = 80C864232CB9F80E002A2EBA /* WeatherPal */;
			targetProxy = 80C864482CB9F810002A2EBA /* PBXContainerItemProxy */;
		};
/* End PBXTargetDependency section */

/* Begin PBXVariantGroup section */
		80C8642D2CB9F80E002A2EBA /* Main.storyboard */ = {
			isa = PBXVariantGroup;
			children = (
				80C8642E2CB9F80E002A2EBA /* Base */,
			);
			name = Main.storyboard;
			sourceTree = "<group>";
		};
		80C864352CB9F80F002A2EBA /* LaunchScreen.storyboard */ = {
			isa = PBXVariantGroup;
			children = (
				80C864362CB9F80F002A2EBA /* Base */,
			);
			name = LaunchScreen.storyboard;
			sourceTree = "<group>";
		};
/* End PBXVariantGroup section */

/* Begin XCBuildConfiguration section */
		80C8644F2CB9F810002A2EBA /* Debug */ = {
			isa = XCBuildConfiguration;
			buildSettings = {
				ALWAYS_SEARCH_USER_PATHS = NO;
				ASSETCATALOG_COMPILER_GENERATE_SWIFT_ASSET_SYMBOL_EXTENSIONS = YES;
				CLANG_ANALYZER_NONNULL = YES;
				CLANG_ANALYZER_NUMBER_OBJECT_CONVERSION = YES_AGGRESSIVE;
				CLANG_CXX_LANGUAGE_STANDARD = "gnu++20";
				CLANG_ENABLE_MODULES = YES;
				CLANG_ENABLE_OBJC_ARC = YES;
				CLANG_ENABLE_OBJC_WEAK = YES;
				CLANG_WARN_BLOCK_CAPTURE_AUTORELEASING = YES;
				CLANG_WARN_BOOL_CONVERSION = YES;
				CLANG_WARN_COMMA = YES;
				CLANG_WARN_CONSTANT_CONVERSION = YES;
				CLANG_WARN_DEPRECATED_OBJC_IMPLEMENTATIONS = YES;
				CLANG_WARN_DIRECT_OBJC_ISA_USAGE = YES_ERROR;
				CLANG_WARN_DOCUMENTATION_COMMENTS = YES;
				CLANG_WARN_EMPTY_BODY = YES;
				CLANG_WARN_ENUM_CONVERSION = YES;
				CLANG_WARN_INFINITE_RECURSION = YES;
				CLANG_WARN_INT_CONVERSION = YES;
				CLANG_WARN_NON_LITERAL_NULL_CONVERSION = YES;
				CLANG_WARN_OBJC_IMPLICIT_RETAIN_SELF = YES;
				CLANG_WARN_OBJC_LITERAL_CONVERSION = YES;
				CLANG_WARN_OBJC_ROOT_CLASS = YES_ERROR;
				CLANG_WARN_QUOTED_INCLUDE_IN_FRAMEWORK_HEADER = YES;
				CLANG_WARN_RANGE_LOOP_ANALYSIS = YES;
				CLANG_WARN_STRICT_PROTOTYPES = YES;
				CLANG_WARN_SUSPICIOUS_MOVE = YES;
				CLANG_WARN_UNGUARDED_AVAILABILITY = YES_AGGRESSIVE;
				CLANG_WARN_UNREACHABLE_CODE = YES;
				CLANG_WARN__DUPLICATE_METHOD_MATCH = YES;
				COPY_PHASE_STRIP = NO;
				DEBUG_INFORMATION_FORMAT = dwarf;
				ENABLE_STRICT_OBJC_MSGSEND = YES;
				ENABLE_TESTABILITY = YES;
				ENABLE_USER_SCRIPT_SANDBOXING = YES;
				GCC_C_LANGUAGE_STANDARD = gnu17;
				GCC_DYNAMIC_NO_PIC = NO;
				GCC_NO_COMMON_BLOCKS = YES;
				GCC_OPTIMIZATION_LEVEL = 0;
				GCC_PREPROCESSOR_DEFINITIONS = (
					"DEBUG=1",
					"$(inherited)",
				);
				GCC_WARN_64_TO_32_BIT_CONVERSION = YES;
				GCC_WARN_ABOUT_RETURN_TYPE = YES_ERROR;
				GCC_WARN_UNDECLARED_SELECTOR = YES;
				GCC_WARN_UNINITIALIZED_AUTOS = YES_AGGRESSIVE;
				GCC_WARN_UNUSED_FUNCTION = YES;
				GCC_WARN_UNUSED_VARIABLE = YES;
				IPHONEOS_DEPLOYMENT_TARGET = 17.5;
				LOCALIZATION_PREFERS_STRING_CATALOGS = YES;
				MTL_ENABLE_DEBUG_INFO = INCLUDE_SOURCE;
				MTL_FAST_MATH = YES;
				ONLY_ACTIVE_ARCH = YES;
				SDKROOT = iphoneos;
				SWIFT_ACTIVE_COMPILATION_CONDITIONS = "DEBUG $(inherited)";
				SWIFT_OPTIMIZATION_LEVEL = "-Onone";
			};
			name = Debug;
		};
		80C864502CB9F810002A2EBA /* Release */ = {
			isa = XCBuildConfiguration;
			buildSettings = {
				ALWAYS_SEARCH_USER_PATHS = NO;
				ASSETCATALOG_COMPILER_GENERATE_SWIFT_ASSET_SYMBOL_EXTENSIONS = YES;
				CLANG_ANALYZER_NONNULL = YES;
				CLANG_ANALYZER_NUMBER_OBJECT_CONVERSION = YES_AGGRESSIVE;
				CLANG_CXX_LANGUAGE_STANDARD = "gnu++20";
				CLANG_ENABLE_MODULES = YES;
				CLANG_ENABLE_OBJC_ARC = YES;
				CLANG_ENABLE_OBJC_WEAK = YES;
				CLANG_WARN_BLOCK_CAPTURE_AUTORELEASING = YES;
				CLANG_WARN_BOOL_CONVERSION = YES;
				CLANG_WARN_COMMA = YES;
				CLANG_WARN_CONSTANT_CONVERSION = YES;
				CLANG_WARN_DEPRECATED_OBJC_IMPLEMENTATIONS = YES;
				CLANG_WARN_DIRECT_OBJC_ISA_USAGE = YES_ERROR;
				CLANG_WARN_DOCUMENTATION_COMMENTS = YES;
				CLANG_WARN_EMPTY_BODY = YES;
				CLANG_WARN_ENUM_CONVERSION = YES;
				CLANG_WARN_INFINITE_RECURSION = YES;
				CLANG_WARN_INT_CONVERSION = YES;
				CLANG_WARN_NON_LITERAL_NULL_CONVERSION = YES;
				CLANG_WARN_OBJC_IMPLICIT_RETAIN_SELF = YES;
				CLANG_WARN_OBJC_LITERAL_CONVERSION = YES;
				CLANG_WARN_OBJC_ROOT_CLASS = YES_ERROR;
				CLANG_WARN_QUOTED_INCLUDE_IN_FRAMEWORK_HEADER = YES;
				CLANG_WARN_RANGE_LOOP_ANALYSIS = YES;
				CLANG_WARN_STRICT_PROTOTYPES = YES;
				CLANG_WARN_SUSPICIOUS_MOVE = YES;
				CLANG_WARN_UNGUARDED_AVAILABILITY = YES_AGGRESSIVE;
				CLANG_WARN_UNREACHABLE_CODE = YES;
				CLANG_WARN__DUPLICATE_METHOD_MATCH = YES;
				COPY_PHASE_STRIP = NO;
				DEBUG_INFORMATION_FORMAT = "dwarf-with-dsym";
				ENABLE_NS_ASSERTIONS = NO;
				ENABLE_STRICT_OBJC_MSGSEND = YES;
				ENABLE_USER_SCRIPT_SANDBOXING = YES;
				GCC_C_LANGUAGE_STANDARD = gnu17;
				GCC_NO_COMMON_BLOCKS = YES;
				GCC_WARN_64_TO_32_BIT_CONVERSION = YES;
				GCC_WARN_ABOUT_RETURN_TYPE = YES_ERROR;
				GCC_WARN_UNDECLARED_SELECTOR = YES;
				GCC_WARN_UNINITIALIZED_AUTOS = YES_AGGRESSIVE;
				GCC_WARN_UNUSED_FUNCTION = YES;
				GCC_WARN_UNUSED_VARIABLE = YES;
				IPHONEOS_DEPLOYMENT_TARGET = 17.5;
				LOCALIZATION_PREFERS_STRING_CATALOGS = YES;
				MTL_ENABLE_DEBUG_INFO = NO;
				MTL_FAST_MATH = YES;
				SDKROOT = iphoneos;
				SWIFT_COMPILATION_MODE = wholemodule;
				VALIDATE_PRODUCT = YES;
			};
			name = Release;
		};
		80C864522CB9F810002A2EBA /* Debug */ = {
			isa = XCBuildConfiguration;
			baseConfigurationReference = 2DC17FB31C0A7A92C30A7FD6 /* Pods-WeatherPal.debug.xcconfig */;
			buildSettings = {
				ASSETCATALOG_COMPILER_APPICON_NAME = AppIcon;
				ASSETCATALOG_COMPILER_GLOBAL_ACCENT_COLOR_NAME = AccentColor;
				CODE_SIGN_STYLE = Automatic;
				CURRENT_PROJECT_VERSION = 1;
				DEVELOPMENT_TEAM = QNVN97PBJH;
				ENABLE_USER_SCRIPT_SANDBOXING = NO;
				GENERATE_INFOPLIST_FILE = YES;
				INFOPLIST_FILE = WeatherPal/Info.plist;
				INFOPLIST_KEY_UIApplicationSupportsIndirectInputEvents = YES;
				INFOPLIST_KEY_UILaunchStoryboardName = LaunchScreen;
				INFOPLIST_KEY_UIMainStoryboardFile = Main;
				INFOPLIST_KEY_UISupportedInterfaceOrientations_iPad = "UIInterfaceOrientationPortrait UIInterfaceOrientationPortraitUpsideDown UIInterfaceOrientationLandscapeLeft UIInterfaceOrientationLandscapeRight";
				INFOPLIST_KEY_UISupportedInterfaceOrientations_iPhone = "UIInterfaceOrientationPortrait UIInterfaceOrientationLandscapeLeft UIInterfaceOrientationLandscapeRight";
				LD_RUNPATH_SEARCH_PATHS = (
					"$(inherited)",
					"@executable_path/Frameworks",
				);
				MARKETING_VERSION = 1.0;
				PRODUCT_BUNDLE_IDENTIFIER = com.development.WeatherPal;
				PRODUCT_NAME = "$(TARGET_NAME)";
				SWIFT_EMIT_LOC_STRINGS = YES;
				SWIFT_VERSION = 5.0;
				TARGETED_DEVICE_FAMILY = "1,2";
			};
			name = Debug;
		};
		80C864532CB9F810002A2EBA /* Release */ = {
			isa = XCBuildConfiguration;
			baseConfigurationReference = A96F509229B556D372CA7BE5 /* Pods-WeatherPal.release.xcconfig */;
			buildSettings = {
				ASSETCATALOG_COMPILER_APPICON_NAME = AppIcon;
				ASSETCATALOG_COMPILER_GLOBAL_ACCENT_COLOR_NAME = AccentColor;
				CODE_SIGN_STYLE = Automatic;
				CURRENT_PROJECT_VERSION = 1;
				DEVELOPMENT_TEAM = QNVN97PBJH;
				ENABLE_USER_SCRIPT_SANDBOXING = NO;
				GENERATE_INFOPLIST_FILE = YES;
				INFOPLIST_FILE = WeatherPal/Info.plist;
				INFOPLIST_KEY_UIApplicationSupportsIndirectInputEvents = YES;
				INFOPLIST_KEY_UILaunchStoryboardName = LaunchScreen;
				INFOPLIST_KEY_UIMainStoryboardFile = Main;
				INFOPLIST_KEY_UISupportedInterfaceOrientations_iPad = "UIInterfaceOrientationPortrait UIInterfaceOrientationPortraitUpsideDown UIInterfaceOrientationLandscapeLeft UIInterfaceOrientationLandscapeRight";
				INFOPLIST_KEY_UISupportedInterfaceOrientations_iPhone = "UIInterfaceOrientationPortrait UIInterfaceOrientationLandscapeLeft UIInterfaceOrientationLandscapeRight";
				LD_RUNPATH_SEARCH_PATHS = (
					"$(inherited)",
					"@executable_path/Frameworks",
				);
				MARKETING_VERSION = 1.0;
				PRODUCT_BUNDLE_IDENTIFIER = com.development.WeatherPal;
				PRODUCT_NAME = "$(TARGET_NAME)";
				SWIFT_EMIT_LOC_STRINGS = YES;
				SWIFT_VERSION = 5.0;
				TARGETED_DEVICE_FAMILY = "1,2";
			};
			name = Release;
		};
		80C864552CB9F810002A2EBA /* Debug */ = {
			isa = XCBuildConfiguration;
			baseConfigurationReference = AE04A0975E62093EB63FC07C /* Pods-WeatherPalTests.debug.xcconfig */;
			buildSettings = {
				ALWAYS_EMBED_SWIFT_STANDARD_LIBRARIES = YES;
				BUNDLE_LOADER = "$(TEST_HOST)";
				CODE_SIGN_STYLE = Automatic;
				CURRENT_PROJECT_VERSION = 1;
				DEVELOPMENT_TEAM = QNVN97PBJH;
				GENERATE_INFOPLIST_FILE = YES;
				IPHONEOS_DEPLOYMENT_TARGET = 17.5;
				MARKETING_VERSION = 1.0;
				PRODUCT_BUNDLE_IDENTIFIER = com.development.WeatherPalTests;
				PRODUCT_NAME = "$(TARGET_NAME)";
				SWIFT_EMIT_LOC_STRINGS = NO;
				SWIFT_VERSION = 5.0;
				TARGETED_DEVICE_FAMILY = "1,2";
				TEST_HOST = "$(BUILT_PRODUCTS_DIR)/WeatherPal.app/$(BUNDLE_EXECUTABLE_FOLDER_PATH)/WeatherPal";
			};
			name = Debug;
		};
		80C864562CB9F810002A2EBA /* Release */ = {
			isa = XCBuildConfiguration;
			baseConfigurationReference = DC69BD724541D71F678BB2E7 /* Pods-WeatherPalTests.release.xcconfig */;
			buildSettings = {
				ALWAYS_EMBED_SWIFT_STANDARD_LIBRARIES = YES;
				BUNDLE_LOADER = "$(TEST_HOST)";
				CODE_SIGN_STYLE = Automatic;
				CURRENT_PROJECT_VERSION = 1;
				DEVELOPMENT_TEAM = QNVN97PBJH;
				GENERATE_INFOPLIST_FILE = YES;
				IPHONEOS_DEPLOYMENT_TARGET = 17.5;
				MARKETING_VERSION = 1.0;
				PRODUCT_BUNDLE_IDENTIFIER = com.development.WeatherPalTests;
				PRODUCT_NAME = "$(TARGET_NAME)";
				SWIFT_EMIT_LOC_STRINGS = NO;
				SWIFT_VERSION = 5.0;
				TARGETED_DEVICE_FAMILY = "1,2";
				TEST_HOST = "$(BUILT_PRODUCTS_DIR)/WeatherPal.app/$(BUNDLE_EXECUTABLE_FOLDER_PATH)/WeatherPal";
			};
			name = Release;
		};
		80C864582CB9F810002A2EBA /* Debug */ = {
			isa = XCBuildConfiguration;
			baseConfigurationReference = CE91DC1B0A9C8B43F35A6AC5 /* Pods-WeatherPal-WeatherPalUITests.debug.xcconfig */;
			buildSettings = {
				ALWAYS_EMBED_SWIFT_STANDARD_LIBRARIES = YES;
				CODE_SIGN_STYLE = Automatic;
				CURRENT_PROJECT_VERSION = 1;
				DEVELOPMENT_TEAM = QNVN97PBJH;
				GENERATE_INFOPLIST_FILE = YES;
				MARKETING_VERSION = 1.0;
				PRODUCT_BUNDLE_IDENTIFIER = com.development.WeatherPalUITests;
				PRODUCT_NAME = "$(TARGET_NAME)";
				SWIFT_EMIT_LOC_STRINGS = NO;
				SWIFT_VERSION = 5.0;
				TARGETED_DEVICE_FAMILY = "1,2";
				TEST_TARGET_NAME = WeatherPal;
			};
			name = Debug;
		};
		80C864592CB9F810002A2EBA /* Release */ = {
			isa = XCBuildConfiguration;
			baseConfigurationReference = 657E746DFC0CDA7679170233 /* Pods-WeatherPal-WeatherPalUITests.release.xcconfig */;
			buildSettings = {
				ALWAYS_EMBED_SWIFT_STANDARD_LIBRARIES = YES;
				CODE_SIGN_STYLE = Automatic;
				CURRENT_PROJECT_VERSION = 1;
				DEVELOPMENT_TEAM = QNVN97PBJH;
				GENERATE_INFOPLIST_FILE = YES;
				MARKETING_VERSION = 1.0;
				PRODUCT_BUNDLE_IDENTIFIER = com.development.WeatherPalUITests;
				PRODUCT_NAME = "$(TARGET_NAME)";
				SWIFT_EMIT_LOC_STRINGS = NO;
				SWIFT_VERSION = 5.0;
				TARGETED_DEVICE_FAMILY = "1,2";
				TEST_TARGET_NAME = WeatherPal;
			};
			name = Release;
		};
/* End XCBuildConfiguration section */

/* Begin XCConfigurationList section */
		80C8641F2CB9F80E002A2EBA /* Build configuration list for PBXProject "WeatherPal" */ = {
			isa = XCConfigurationList;
			buildConfigurations = (
				80C8644F2CB9F810002A2EBA /* Debug */,
				80C864502CB9F810002A2EBA /* Release */,
			);
			defaultConfigurationIsVisible = 0;
			defaultConfigurationName = Release;
		};
		80C864512CB9F810002A2EBA /* Build configuration list for PBXNativeTarget "WeatherPal" */ = {
			isa = XCConfigurationList;
			buildConfigurations = (
				80C864522CB9F810002A2EBA /* Debug */,
				80C864532CB9F810002A2EBA /* Release */,
			);
			defaultConfigurationIsVisible = 0;
			defaultConfigurationName = Release;
		};
		80C864542CB9F810002A2EBA /* Build configuration list for PBXNativeTarget "WeatherPalTests" */ = {
			isa = XCConfigurationList;
			buildConfigurations = (
				80C864552CB9F810002A2EBA /* Debug */,
				80C864562CB9F810002A2EBA /* Release */,
			);
			defaultConfigurationIsVisible = 0;
			defaultConfigurationName = Release;
		};
		80C864572CB9F810002A2EBA /* Build configuration list for PBXNativeTarget "WeatherPalUITests" */ = {
			isa = XCConfigurationList;
			buildConfigurations = (
				80C864582CB9F810002A2EBA /* Debug */,
				80C864592CB9F810002A2EBA /* Release */,
			);
			defaultConfigurationIsVisible = 0;
			defaultConfigurationName = Release;
		};
/* End XCConfigurationList section */

/* Begin XCVersionGroup section */
		80C864302CB9F80E002A2EBA /* WeatherPal.xcdatamodeld */ = {
			isa = XCVersionGroup;
			children = (
				80C864312CB9F80E002A2EBA /* WeatherPal.xcdatamodel */,
			);
			currentVersion = 80C864312CB9F80E002A2EBA /* WeatherPal.xcdatamodel */;
			path = WeatherPal.xcdatamodeld;
			sourceTree = "<group>";
			versionGroupType = wrapper.xcdatamodel;
		};
/* End XCVersionGroup section */
	};
	rootObject = 80C8641C2CB9F80E002A2EBA /* Project object */;
}
