// !$*UTF8*$!
{
	archiveVersion = 1;
	classes = {
	};
	objectVersion = 56;
	objects = {

/* Begin PBXBuildFile section */
		80C864282CB9F80E002A2EBA /* AppDelegate.swift in Sources */ = {isa = PBXBuildFile; fileRef = 80C864272CB9F80E002A2EBA /* AppDelegate.swift */; };
		80C8642A2CB9F80E002A2EBA /* SceneDelegate.swift in Sources */ = {isa = PBXBuildFile; fileRef = 80C864292CB9F80E002A2EBA /* SceneDelegate.swift */; };
		80C8642C2CB9F80E002A2EBA /* ViewController.swift in Sources */ = {isa = PBXBuildFile; fileRef = 80C8642B2CB9F80E002A2EBA /* ViewController.swift */; };
		80C8642F2CB9F80E002A2EBA /* Base in Resources */ = {isa = PBXBuildFile; fileRef = 80C8642E2CB9F80E002A2EBA /* Base */; };
		80C864322CB9F80E002A2EBA /* WeatherPal.xcdatamodeld in Sources */ = {isa = PBXBuildFile; fileRef = 80C864302CB9F80E002A2EBA /* WeatherPal.xcdatamodeld */; };
		80C864342CB9F80F002A2EBA /* Assets.xcassets in Resources */ = {isa = PBXBuildFile; fileRef = 80C864332CB9F80F002A2EBA /* Assets.xcassets */; };
		80C864372CB9F80F002A2EBA /* Base in Resources */ = {isa = PBXBuildFile; fileRef = 80C864362CB9F80F002A2EBA /* Base */; };
		80C864422CB9F810002A2EBA /* WeatherPalTests.swift in Sources */ = {isa = PBXBuildFile; fileRef = 80C864412CB9F810002A2EBA /* WeatherPalTests.swift */; };
		80C8644C2CB9F810002A2EBA /* WeatherPalUITests.swift in Sources */ = {isa = PBXBuildFile; fileRef = 80C8644B2CB9F810002A2EBA /* WeatherPalUITests.swift */; };
		80C8644E2CB9F810002A2EBA /* WeatherPalUITestsLaunchTests.swift in Sources */ = {isa = PBXBuildFile; fileRef = 80C8644D2CB9F810002A2EBA /* WeatherPalUITestsLaunchTests.swift */; };
/* End PBXBuildFile section */

/* Begin PBXContainerItemProxy section */
		80C8643E2CB9F810002A2EBA /* PBXContainerItemProxy */ = {
			isa = PBXContainerItemProxy;
			containerPortal = 80C8641C2CB9F80E002A2EBA /* Project object */;
			proxyType = 1;
			remoteGlobalIDString = 80C864232CB9F80E002A2EBA;
			remoteInfo = WeatherPal;
		};
		80C864482CB9F810002A2EBA /* PBXContainerItemProxy */ = {
			isa = PBXContainerItemProxy;
			containerPortal = 80C8641C2CB9F80E002A2EBA /* Project object */;
			proxyType = 1;
			remoteGlobalIDString = 80C864232CB9F80E002A2EBA;
			remoteInfo = WeatherPal;
		};
/* End PBXContainerItemProxy section */

/* Begin PBXFileReference section */
		80C864242CB9F80E002A2EBA /* WeatherPal.app */ = {isa = PBXFileReference; explicitFileType = wrapper.application; includeInIndex = 0; path = WeatherPal.app; sourceTree = BUILT_PRODUCTS_DIR; };
		80C864272CB9F80E002A2EBA /* AppDelegate.swift */ = {isa = PBXFileReference; lastKnownFileType = sourcecode.swift; path = AppDelegate.swift; sourceTree = "<group>"; };
		80C864292CB9F80E002A2EBA /* SceneDelegate.swift */ = {isa = PBXFileReference; lastKnownFileType = sourcecode.swift; path = SceneDelegate.swift; sourceTree = "<group>"; };
		80C8642B2CB9F80E002A2EBA /* ViewController.swift */ = {isa = PBXFileReference; lastKnownFileType = sourcecode.swift; path = ViewController.swift; sourceTree = "<group>"; };
		80C8642E2CB9F80E002A2EBA /* Base */ = {isa = PBXFileReference; lastKnownFileType = file.storyboard; name = Base; path = Base.lproj/Main.storyboard; sourceTree = "<group>"; };
		80C864312CB9F80E002A2EBA /* WeatherPal.xcdatamodel */ = {isa = PBXFileReference; lastKnownFileType = wrapper.xcdatamodel; path = WeatherPal.xcdatamodel; sourceTree = "<group>"; };
		80C864332CB9F80F002A2EBA /* Assets.xcassets */ = {isa = PBXFileReference; lastKnownFileType = folder.assetcatalog; path = Assets.xcassets; sourceTree = "<group>"; };
		80C864362CB9F80F002A2EBA /* Base */ = {isa = PBXFileReference; lastKnownFileType = file.storyboard; name = Base; path = Base.lproj/LaunchScreen.storyboard; sourceTree = "<group>"; };
		80C864382CB9F80F002A2EBA /* Info.plist */ = {isa = PBXFileReference; lastKnownFileType = text.plist.xml; path = Info.plist; sourceTree = "<group>"; };
		80C8643D2CB9F810002A2EBA /* WeatherPalTests.xctest */ = {isa = PBXFileReference; explicitFileType = wrapper.cfbundle; includeInIndex = 0; path = WeatherPalTests.xctest; sourceTree = BUILT_PRODUCTS_DIR; };
		80C864412CB9F810002A2EBA /* WeatherPalTests.swift */ = {isa = PBXFileReference; lastKnownFileType = sourcecode.swift; path = WeatherPalTests.swift; sourceTree = "<group>"; };
		80C864472CB9F810002A2EBA /* WeatherPalUITests.xctest */ = {isa = PBXFileReference; explicitFileType = wrapper.cfbundle; includeInIndex = 0; path = WeatherPalUITests.xctest; sourceTree = BUILT_PRODUCTS_DIR; };
		80C8644B2CB9F810002A2EBA /* WeatherPalUITests.swift */ = {isa = PBXFileReference; lastKnownFileType = sourcecode.swift; path = WeatherPalUITests.swift; sourceTree = "<group>"; };
		80C8644D2CB9F810002A2EBA /* WeatherPalUITestsLaunchTests.swift */ = {isa = PBXFileReference; lastKnownFileType = sourcecode.swift; path = WeatherPalUITestsLaunchTests.swift; sourceTree = "<group>"; };
/* End PBXFileReference section */

/* Begin PBXFrameworksBuildPhase section */
		80C864212CB9F80E002A2EBA /* Frameworks */ = {
			isa = PBXFrameworksBuildPhase;
			buildActionMask = 2147483647;
			files = (
			);
			runOnlyForDeploymentPostprocessing = 0;
		};
		80C8643A2CB9F810002A2EBA /* Frameworks */ = {
			isa = PBXFrameworksBuildPhase;
			buildActionMask = 2147483647;
			files = (
			);
			runOnlyForDeploymentPostprocessing = 0;
		};
		80C864442CB9F810002A2EBA /* Frameworks */ = {
			isa = PBXFrameworksBuildPhase;
			buildActionMask = 2147483647;
			files = (
			);
			runOnlyForDeploymentPostprocessing = 0;
		};
/* End PBXFrameworksBuildPhase section */

/* Begin PBXGroup section */
		80C8641B2CB9F80E002A2EBA = {
			isa = PBXGroup;
			children = (
				80C864262CB9F80E002A2EBA /* WeatherPal */,
				80C864402CB9F810002A2EBA /* WeatherPalTests */,
				80C8644A2CB9F810002A2EBA /* WeatherPalUITests */,
				80C864252CB9F80E002A2EBA /* Products */,
			);
			sourceTree = "<group>";
		};
		80C864252CB9F80E002A2EBA /* Products */ = {
			isa = PBXGroup;
			children = (
				80C864242CB9F80E002A2EBA /* WeatherPal.app */,
				80C8643D2CB9F810002A2EBA /* WeatherPalTests.xctest */,
				80C864472CB9F810002A2EBA /* WeatherPalUITests.xctest */,
			);
			name = Products;
			sourceTree = "<group>";
		};
		80C864262CB9F80E002A2EBA /* WeatherPal */ = {
			isa = PBXGroup;
			children = (
				80C864272CB9F80E002A2EBA /* AppDelegate.swift */,
				80C864292CB9F80E002A2EBA /* SceneDelegate.swift */,
				80C8642B2CB9F80E002A2EBA /* ViewController.swift */,
				80C8642D2CB9F80E002A2EBA /* Main.storyboard */,
				80C864332CB9F80F002A2EBA /* Assets.xcassets */,
				80C864352CB9F80F002A2EBA /* LaunchScreen.storyboard */,
				80C864382CB9F80F002A2EBA /* Info.plist */,
				80C864302CB9F80E002A2EBA /* WeatherPal.xcdatamodeld */,
			);
			path = WeatherPal;
			sourceTree = "<group>";
		};
		80C864402CB9F810002A2EBA /* WeatherPalTests */ = {
			isa = PBXGroup;
			children = (
				80C864412CB9F810002A2EBA /* WeatherPalTests.swift */,
			);
			path = WeatherPalTests;
			sourceTree = "<group>";
		};
		80C8644A2CB9F810002A2EBA /* WeatherPalUITests */ = {
			isa = PBXGroup;
			children = (
				80C8644B2CB9F810002A2EBA /* WeatherPalUITests.swift */,
				80C8644D2CB9F810002A2EBA /* WeatherPalUITestsLaunchTests.swift */,
			);
			path = WeatherPalUITests;
			sourceTree = "<group>";
		};
/* End PBXGroup section */

/* Begin PBXNativeTarget section */
		80C864232CB9F80E002A2EBA /* WeatherPal */ = {
			isa = PBXNativeTarget;
			buildConfigurationList = 80C864512CB9F810002A2EBA /* Build configuration list for PBXNativeTarget "WeatherPal" */;
			buildPhases = (
				80C864202CB9F80E002A2EBA /* Sources */,
				80C864212CB9F80E002A2EBA /* Frameworks */,
				80C864222CB9F80E002A2EBA /* Resources */,
			);
			buildRules = (
			);
			dependencies = (
			);
			name = WeatherPal;
			productName = WeatherPal;
			productReference = 80C864242CB9F80E002A2EBA /* WeatherPal.app */;
			productType = "com.apple.product-type.application";
		};
		80C8643C2CB9F810002A2EBA /* WeatherPalTests */ = {
			isa = PBXNativeTarget;
			buildConfigurationList = 80C864542CB9F810002A2EBA /* Build configuration list for PBXNativeTarget "WeatherPalTests" */;
			buildPhases = (
				80C864392CB9F810002A2EBA /* Sources */,
				80C8643A2CB9F810002A2EBA /* Frameworks */,
				80C8643B2CB9F810002A2EBA /* Resources */,
			);
			buildRules = (
			);
			dependencies = (
				80C8643F2CB9F810002A2EBA /* PBXTargetDependency */,
			);
			name = WeatherPalTests;
			productName = WeatherPalTests;
			productReference = 80C8643D2CB9F810002A2EBA /* WeatherPalTests.xctest */;
			productType = "com.apple.product-type.bundle.unit-test";
		};
		80C864462CB9F810002A2EBA /* WeatherPalUITests */ = {
			isa = PBXNativeTarget;
			buildConfigurationList = 80C864572CB9F810002A2EBA /* Build configuration list for PBXNativeTarget "WeatherPalUITests" */;
			buildPhases = (
				80C864432CB9F810002A2EBA /* Sources */,
				80C864442CB9F810002A2EBA /* Frameworks */,
				80C864452CB9F810002A2EBA /* Resources */,
			);
			buildRules = (
			);
			dependencies = (
				80C864492CB9F810002A2EBA /* PBXTargetDependency */,
			);
			name = WeatherPalUITests;
			productName = WeatherPalUITests;
			productReference = 80C864472CB9F810002A2EBA /* WeatherPalUITests.xctest */;
			productType = "com.apple.product-type.bundle.ui-testing";
		};
/* End PBXNativeTarget section */

/* Begin PBXProject section */
		80C8641C2CB9F80E002A2EBA /* Project object */ = {
			isa = PBXProject;
			attributes = {
				BuildIndependentTargetsInParallel = 1;
				LastSwiftUpdateCheck = 1540;
				LastUpgradeCheck = 1540;
				TargetAttributes = {
					80C864232CB9F80E002A2EBA = {
						CreatedOnToolsVersion = 15.4;
					};
					80C8643C2CB9F810002A2EBA = {
						CreatedOnToolsVersion = 15.4;
						TestTargetID = 80C864232CB9F80E002A2EBA;
					};
					80C864462CB9F810002A2EBA = {
						CreatedOnToolsVersion = 15.4;
						TestTargetID = 80C864232CB9F80E002A2EBA;
					};
				};
			};
			buildConfigurationList = 80C8641F2CB9F80E002A2EBA /* Build configuration list for PBXProject "WeatherPal" */;
			compatibilityVersion = "Xcode 14.0";
			developmentRegion = en;
			hasScannedForEncodings = 0;
			knownRegions = (
				en,
				Base,
			);
			mainGroup = 80C8641B2CB9F80E002A2EBA;
			productRefGroup = 80C864252CB9F80E002A2EBA /* Products */;
			projectDirPath = "";
			projectRoot = "";
			targets = (
				80C864232CB9F80E002A2EBA /* WeatherPal */,
				80C8643C2CB9F810002A2EBA /* WeatherPalTests */,
				80C864462CB9F810002A2EBA /* WeatherPalUITests */,
			);
		};
/* End PBXProject section */

/* Begin PBXResourcesBuildPhase section */
		80C864222CB9F80E002A2EBA /* Resources */ = {
			isa = PBXResourcesBuildPhase;
			buildActionMask = 2147483647;
			files = (
				80C864342CB9F80F002A2EBA /* Assets.xcassets in Resources */,
				80C864372CB9F80F002A2EBA /* Base in Resources */,
				80C8642F2CB9F80E002A2EBA /* Base in Resources */,
			);
			runOnlyForDeploymentPostprocessing = 0;
		};
		80C8643B2CB9F810002A2EBA /* Resources */ = {
			isa = PBXResourcesBuildPhase;
			buildActionMask = 2147483647;
			files = (
			);
			runOnlyForDeploymentPostprocessing = 0;
		};
		80C864452CB9F810002A2EBA /* Resources */ = {
			isa = PBXResourcesBuildPhase;
			buildActionMask = 2147483647;
			files = (
			);
			runOnlyForDeploymentPostprocessing = 0;
		};
/* End PBXResourcesBuildPhase section */

/* Begin PBXSourcesBuildPhase section */
		80C864202CB9F80E002A2EBA /* Sources */ = {
			isa = PBXSourcesBuildPhase;
			buildActionMask = 2147483647;
			files = (
				80C864322CB9F80E002A2EBA /* WeatherPal.xcdatamodeld in Sources */,
				80C8642C2CB9F80E002A2EBA /* ViewController.swift in Sources */,
				80C864282CB9F80E002A2EBA /* AppDelegate.swift in Sources */,
				80C8642A2CB9F80E002A2EBA /* SceneDelegate.swift in Sources */,
			);
			runOnlyForDeploymentPostprocessing = 0;
		};
		80C864392CB9F810002A2EBA /* Sources */ = {
			isa = PBXSourcesBuildPhase;
			buildActionMask = 2147483647;
			files = (
				80C864422CB9F810002A2EBA /* WeatherPalTests.swift in Sources */,
			);
			runOnlyForDeploymentPostprocessing = 0;
		};
		80C864432CB9F810002A2EBA /* Sources */ = {
			isa = PBXSourcesBuildPhase;
			buildActionMask = 2147483647;
			files = (
				80C8644C2CB9F810002A2EBA /* WeatherPalUITests.swift in Sources */,
				80C8644E2CB9F810002A2EBA /* WeatherPalUITestsLaunchTests.swift in Sources */,
			);
			runOnlyForDeploymentPostprocessing = 0;
		};
/* End PBXSourcesBuildPhase section */

/* Begin PBXTargetDependency section */
		80C8643F2CB9F810002A2EBA /* PBXTargetDependency */ = {
			isa = PBXTargetDependency;
			target = 80C864232CB9F80E002A2EBA /* WeatherPal */;
			targetProxy = 80C8643E2CB9F810002A2EBA /* PBXContainerItemProxy */;
		};
		80C864492CB9F810002A2EBA /* PBXTargetDependency */ = {
			isa = PBXTargetDependency;
			target = 80C864232CB9F80E002A2EBA /* WeatherPal */;
			targetProxy = 80C864482CB9F810002A2EBA /* PBXContainerItemProxy */;
		};
/* End PBXTargetDependency section */

/* Begin PBXVariantGroup section */
		80C8642D2CB9F80E002A2EBA /* Main.storyboard */ = {
			isa = PBXVariantGroup;
			children = (
				80C8642E2CB9F80E002A2EBA /* Base */,
			);
			name = Main.storyboard;
			sourceTree = "<group>";
		};
		80C864352CB9F80F002A2EBA /* LaunchScreen.storyboard */ = {
			isa = PBXVariantGroup;
			children = (
				80C864362CB9F80F002A2EBA /* Base */,
			);
			name = LaunchScreen.storyboard;
			sourceTree = "<group>";
		};
/* End PBXVariantGroup section */

/* Begin XCBuildConfiguration section */
		80C8644F2CB9F810002A2EBA /* Debug */ = {
			isa = XCBuildConfiguration;
			buildSettings = {
				ALWAYS_SEARCH_USER_PATHS = NO;
				ASSETCATALOG_COMPILER_GENERATE_SWIFT_ASSET_SYMBOL_EXTENSIONS = YES;
				CLANG_ANALYZER_NONNULL = YES;
				CLANG_ANALYZER_NUMBER_OBJECT_CONVERSION = YES_AGGRESSIVE;
				CLANG_CXX_LANGUAGE_STANDARD = "gnu++20";
				CLANG_ENABLE_MODULES = YES;
				CLANG_ENABLE_OBJC_ARC = YES;
				CLANG_ENABLE_OBJC_WEAK = YES;
				CLANG_WARN_BLOCK_CAPTURE_AUTORELEASING = YES;
				CLANG_WARN_BOOL_CONVERSION = YES;
				CLANG_WARN_COMMA = YES;
				CLANG_WARN_CONSTANT_CONVERSION = YES;
				CLANG_WARN_DEPRECATED_OBJC_IMPLEMENTATIONS = YES;
				CLANG_WARN_DIRECT_OBJC_ISA_USAGE = YES_ERROR;
				CLANG_WARN_DOCUMENTATION_COMMENTS = YES;
				CLANG_WARN_EMPTY_BODY = YES;
				CLANG_WARN_ENUM_CONVERSION = YES;
				CLANG_WARN_INFINITE_RECURSION = YES;
				CLANG_WARN_INT_CONVERSION = YES;
				CLANG_WARN_NON_LITERAL_NULL_CONVERSION = YES;
				CLANG_WARN_OBJC_IMPLICIT_RETAIN_SELF = YES;
				CLANG_WARN_OBJC_LITERAL_CONVERSION = YES;
				CLANG_WARN_OBJC_ROOT_CLASS = YES_ERROR;
				CLANG_WARN_QUOTED_INCLUDE_IN_FRAMEWORK_HEADER = YES;
				CLANG_WARN_RANGE_LOOP_ANALYSIS = YES;
				CLANG_WARN_STRICT_PROTOTYPES = YES;
				CLANG_WARN_SUSPICIOUS_MOVE = YES;
				CLANG_WARN_UNGUARDED_AVAILABILITY = YES_AGGRESSIVE;
				CLANG_WARN_UNREACHABLE_CODE = YES;
				CLANG_WARN__DUPLICATE_METHOD_MATCH = YES;
				COPY_PHASE_STRIP = NO;
				DEBUG_INFORMATION_FORMAT = dwarf;
				ENABLE_STRICT_OBJC_MSGSEND = YES;
				ENABLE_TESTABILITY = YES;
				ENABLE_USER_SCRIPT_SANDBOXING = YES;
				GCC_C_LANGUAGE_STANDARD = gnu17;
				GCC_DYNAMIC_NO_PIC = NO;
				GCC_NO_COMMON_BLOCKS = YES;
				GCC_OPTIMIZATION_LEVEL = 0;
				GCC_PREPROCESSOR_DEFINITIONS = (
					"DEBUG=1",
					"$(inherited)",
				);
				GCC_WARN_64_TO_32_BIT_CONVERSION = YES;
				GCC_WARN_ABOUT_RETURN_TYPE = YES_ERROR;
				GCC_WARN_UNDECLARED_SELECTOR = YES;
				GCC_WARN_UNINITIALIZED_AUTOS = YES_AGGRESSIVE;
				GCC_WARN_UNUSED_FUNCTION = YES;
				GCC_WARN_UNUSED_VARIABLE = YES;
				IPHONEOS_DEPLOYMENT_TARGET = 17.5;
				LOCALIZATION_PREFERS_STRING_CATALOGS = YES;
				MTL_ENABLE_DEBUG_INFO = INCLUDE_SOURCE;
				MTL_FAST_MATH = YES;
				ONLY_ACTIVE_ARCH = YES;
				SDKROOT = iphoneos;
				SWIFT_ACTIVE_COMPILATION_CONDITIONS = "DEBUG $(inherited)";
				SWIFT_OPTIMIZATION_LEVEL = "-Onone";
			};
			name = Debug;
		};
		80C864502CB9F810002A2EBA /* Release */ = {
			isa = XCBuildConfiguration;
			buildSettings = {
				ALWAYS_SEARCH_USER_PATHS = NO;
				ASSETCATALOG_COMPILER_GENERATE_SWIFT_ASSET_SYMBOL_EXTENSIONS = YES;
				CLANG_ANALYZER_NONNULL = YES;
				CLANG_ANALYZER_NUMBER_OBJECT_CONVERSION = YES_AGGRESSIVE;
				CLANG_CXX_LANGUAGE_STANDARD = "gnu++20";
				CLANG_ENABLE_MODULES = YES;
				CLANG_ENABLE_OBJC_ARC = YES;
				CLANG_ENABLE_OBJC_WEAK = YES;
				CLANG_WARN_BLOCK_CAPTURE_AUTORELEASING = YES;
				CLANG_WARN_BOOL_CONVERSION = YES;
				CLANG_WARN_COMMA = YES;
				CLANG_WARN_CONSTANT_CONVERSION = YES;
				CLANG_WARN_DEPRECATED_OBJC_IMPLEMENTATIONS = YES;
				CLANG_WARN_DIRECT_OBJC_ISA_USAGE = YES_ERROR;
				CLANG_WARN_DOCUMENTATION_COMMENTS = YES;
				CLANG_WARN_EMPTY_BODY = YES;
				CLANG_WARN_ENUM_CONVERSION = YES;
				CLANG_WARN_INFINITE_RECURSION = YES;
				CLANG_WARN_INT_CONVERSION = YES;
				CLANG_WARN_NON_LITERAL_NULL_CONVERSION = YES;
				CLANG_WARN_OBJC_IMPLICIT_RETAIN_SELF = YES;
				CLANG_WARN_OBJC_LITERAL_CONVERSION = YES;
				CLANG_WARN_OBJC_ROOT_CLASS = YES_ERROR;
				CLANG_WARN_QUOTED_INCLUDE_IN_FRAMEWORK_HEADER = YES;
				CLANG_WARN_RANGE_LOOP_ANALYSIS = YES;
				CLANG_WARN_STRICT_PROTOTYPES = YES;
				CLANG_WARN_SUSPICIOUS_MOVE = YES;
				CLANG_WARN_UNGUARDED_AVAILABILITY = YES_AGGRESSIVE;
				CLANG_WARN_UNREACHABLE_CODE = YES;
				CLANG_WARN__DUPLICATE_METHOD_MATCH = YES;
				COPY_PHASE_STRIP = NO;
				DEBUG_INFORMATION_FORMAT = "dwarf-with-dsym";
				ENABLE_NS_ASSERTIONS = NO;
				ENABLE_STRICT_OBJC_MSGSEND = YES;
				ENABLE_USER_SCRIPT_SANDBOXING = YES;
				GCC_C_LANGUAGE_STANDARD = gnu17;
				GCC_NO_COMMON_BLOCKS = YES;
				GCC_WARN_64_TO_32_BIT_CONVERSION = YES;
				GCC_WARN_ABOUT_RETURN_TYPE = YES_ERROR;
				GCC_WARN_UNDECLARED_SELECTOR = YES;
				GCC_WARN_UNINITIALIZED_AUTOS = YES_AGGRESSIVE;
				GCC_WARN_UNUSED_FUNCTION = YES;
				GCC_WARN_UNUSED_VARIABLE = YES;
				IPHONEOS_DEPLOYMENT_TARGET = 17.5;
				LOCALIZATION_PREFERS_STRING_CATALOGS = YES;
				MTL_ENABLE_DEBUG_INFO = NO;
				MTL_FAST_MATH = YES;
				SDKROOT = iphoneos;
				SWIFT_COMPILATION_MODE = wholemodule;
				VALIDATE_PRODUCT = YES;
			};
			name = Release;
		};
		80C864522CB9F810002A2EBA /* Debug */ = {
			isa = XCBuildConfiguration;
			buildSettings = {
				ASSETCATALOG_COMPILER_APPICON_NAME = AppIcon;
				ASSETCATALOG_COMPILER_GLOBAL_ACCENT_COLOR_NAME = AccentColor;
				CODE_SIGN_STYLE = Automatic;
				CURRENT_PROJECT_VERSION = 1;
				DEVELOPMENT_TEAM = QNVN97PBJH;
				GENERATE_INFOPLIST_FILE = YES;
				INFOPLIST_FILE = WeatherPal/Info.plist;
				INFOPLIST_KEY_UIApplicationSupportsIndirectInputEvents = YES;
				INFOPLIST_KEY_UILaunchStoryboardName = LaunchScreen;
				INFOPLIST_KEY_UIMainStoryboardFile = Main;
				INFOPLIST_KEY_UISupportedInterfaceOrientations_iPad = "UIInterfaceOrientationPortrait UIInterfaceOrientationPortraitUpsideDown UIInterfaceOrientationLandscapeLeft UIInterfaceOrientationLandscapeRight";
				INFOPLIST_KEY_UISupportedInterfaceOrientations_iPhone = "UIInterfaceOrientationPortrait UIInterfaceOrientationLandscapeLeft UIInterfaceOrientationLandscapeRight";
				LD_RUNPATH_SEARCH_PATHS = (
					"$(inherited)",
					"@executable_path/Frameworks",
				);
				MARKETING_VERSION = 1.0;
				PRODUCT_BUNDLE_IDENTIFIER = com.development.WeatherPal;
				PRODUCT_NAME = "$(TARGET_NAME)";
				SWIFT_EMIT_LOC_STRINGS = YES;
				SWIFT_VERSION = 5.0;
				TARGETED_DEVICE_FAMILY = "1,2";
			};
			name = Debug;
		};
		80C864532CB9F810002A2EBA /* Release */ = {
			isa = XCBuildConfiguration;
			buildSettings = {
				ASSETCATALOG_COMPILER_APPICON_NAME = AppIcon;
				ASSETCATALOG_COMPILER_GLOBAL_ACCENT_COLOR_NAME = AccentColor;
				CODE_SIGN_STYLE = Automatic;
				CURRENT_PROJECT_VERSION = 1;
				DEVELOPMENT_TEAM = QNVN97PBJH;
				GENERATE_INFOPLIST_FILE = YES;
				INFOPLIST_FILE = WeatherPal/Info.plist;
				INFOPLIST_KEY_UIApplicationSupportsIndirectInputEvents = YES;
				INFOPLIST_KEY_UILaunchStoryboardName = LaunchScreen;
				INFOPLIST_KEY_UIMainStoryboardFile = Main;
				INFOPLIST_KEY_UISupportedInterfaceOrientations_iPad = "UIInterfaceOrientationPortrait UIInterfaceOrientationPortraitUpsideDown UIInterfaceOrientationLandscapeLeft UIInterfaceOrientationLandscapeRight";
				INFOPLIST_KEY_UISupportedInterfaceOrientations_iPhone = "UIInterfaceOrientationPortrait UIInterfaceOrientationLandscapeLeft UIInterfaceOrientationLandscapeRight";
				LD_RUNPATH_SEARCH_PATHS = (
					"$(inherited)",
					"@executable_path/Frameworks",
				);
				MARKETING_VERSION = 1.0;
				PRODUCT_BUNDLE_IDENTIFIER = com.development.WeatherPal;
				PRODUCT_NAME = "$(TARGET_NAME)";
				SWIFT_EMIT_LOC_STRINGS = YES;
				SWIFT_VERSION = 5.0;
				TARGETED_DEVICE_FAMILY = "1,2";
			};
			name = Release;
		};
		80C864552CB9F810002A2EBA /* Debug */ = {
			isa = XCBuildConfiguration;
			buildSettings = {
				ALWAYS_EMBED_SWIFT_STANDARD_LIBRARIES = YES;
				BUNDLE_LOADER = "$(TEST_HOST)";
				CODE_SIGN_STYLE = Automatic;
				CURRENT_PROJECT_VERSION = 1;
				DEVELOPMENT_TEAM = QNVN97PBJH;
				GENERATE_INFOPLIST_FILE = YES;
				IPHONEOS_DEPLOYMENT_TARGET = 17.5;
				MARKETING_VERSION = 1.0;
				PRODUCT_BUNDLE_IDENTIFIER = com.development.WeatherPalTests;
				PRODUCT_NAME = "$(TARGET_NAME)";
				SWIFT_EMIT_LOC_STRINGS = NO;
				SWIFT_VERSION = 5.0;
				TARGETED_DEVICE_FAMILY = "1,2";
				TEST_HOST = "$(BUILT_PRODUCTS_DIR)/WeatherPal.app/$(BUNDLE_EXECUTABLE_FOLDER_PATH)/WeatherPal";
			};
			name = Debug;
		};
		80C864562CB9F810002A2EBA /* Release */ = {
			isa = XCBuildConfiguration;
			buildSettings = {
				ALWAYS_EMBED_SWIFT_STANDARD_LIBRARIES = YES;
				BUNDLE_LOADER = "$(TEST_HOST)";
				CODE_SIGN_STYLE = Automatic;
				CURRENT_PROJECT_VERSION = 1;
				DEVELOPMENT_TEAM = QNVN97PBJH;
				GENERATE_INFOPLIST_FILE = YES;
				IPHONEOS_DEPLOYMENT_TARGET = 17.5;
				MARKETING_VERSION = 1.0;
				PRODUCT_BUNDLE_IDENTIFIER = com.development.WeatherPalTests;
				PRODUCT_NAME = "$(TARGET_NAME)";
				SWIFT_EMIT_LOC_STRINGS = NO;
				SWIFT_VERSION = 5.0;
				TARGETED_DEVICE_FAMILY = "1,2";
				TEST_HOST = "$(BUILT_PRODUCTS_DIR)/WeatherPal.app/$(BUNDLE_EXECUTABLE_FOLDER_PATH)/WeatherPal";
			};
			name = Release;
		};
		80C864582CB9F810002A2EBA /* Debug */ = {
			isa = XCBuildConfiguration;
			buildSettings = {
				ALWAYS_EMBED_SWIFT_STANDARD_LIBRARIES = YES;
				CODE_SIGN_STYLE = Automatic;
				CURRENT_PROJECT_VERSION = 1;
				DEVELOPMENT_TEAM = QNVN97PBJH;
				GENERATE_INFOPLIST_FILE = YES;
				MARKETING_VERSION = 1.0;
				PRODUCT_BUNDLE_IDENTIFIER = com.development.WeatherPalUITests;
				PRODUCT_NAME = "$(TARGET_NAME)";
				SWIFT_EMIT_LOC_STRINGS = NO;
				SWIFT_VERSION = 5.0;
				TARGETED_DEVICE_FAMILY = "1,2";
				TEST_TARGET_NAME = WeatherPal;
			};
			name = Debug;
		};
		80C864592CB9F810002A2EBA /* Release */ = {
			isa = XCBuildConfiguration;
			buildSettings = {
				ALWAYS_EMBED_SWIFT_STANDARD_LIBRARIES = YES;
				CODE_SIGN_STYLE = Automatic;
				CURRENT_PROJECT_VERSION = 1;
				DEVELOPMENT_TEAM = QNVN97PBJH;
				GENERATE_INFOPLIST_FILE = YES;
				MARKETING_VERSION = 1.0;
				PRODUCT_BUNDLE_IDENTIFIER = com.development.WeatherPalUITests;
				PRODUCT_NAME = "$(TARGET_NAME)";
				SWIFT_EMIT_LOC_STRINGS = NO;
				SWIFT_VERSION = 5.0;
				TARGETED_DEVICE_FAMILY = "1,2";
				TEST_TARGET_NAME = WeatherPal;
			};
			name = Release;
		};
/* End XCBuildConfiguration section */

/* Begin XCConfigurationList section */
		80C8641F2CB9F80E002A2EBA /* Build configuration list for PBXProject "WeatherPal" */ = {
			isa = XCConfigurationList;
			buildConfigurations = (
				80C8644F2CB9F810002A2EBA /* Debug */,
				80C864502CB9F810002A2EBA /* Release */,
			);
			defaultConfigurationIsVisible = 0;
			defaultConfigurationName = Release;
		};
		80C864512CB9F810002A2EBA /* Build configuration list for PBXNativeTarget "WeatherPal" */ = {
			isa = XCConfigurationList;
			buildConfigurations = (
				80C864522CB9F810002A2EBA /* Debug */,
				80C864532CB9F810002A2EBA /* Release */,
			);
			defaultConfigurationIsVisible = 0;
			defaultConfigurationName = Release;
		};
		80C864542CB9F810002A2EBA /* Build configuration list for PBXNativeTarget "WeatherPalTests" */ = {
			isa = XCConfigurationList;
			buildConfigurations = (
				80C864552CB9F810002A2EBA /* Debug */,
				80C864562CB9F810002A2EBA /* Release */,
			);
			defaultConfigurationIsVisible = 0;
			defaultConfigurationName = Release;
		};
		80C864572CB9F810002A2EBA /* Build configuration list for PBXNativeTarget "WeatherPalUITests" */ = {
			isa = XCConfigurationList;
			buildConfigurations = (
				80C864582CB9F810002A2EBA /* Debug */,
				80C864592CB9F810002A2EBA /* Release */,
			);
			defaultConfigurationIsVisible = 0;
			defaultConfigurationName = Release;
		};
/* End XCConfigurationList section */

/* Begin XCVersionGroup section */
		80C864302CB9F80E002A2EBA /* WeatherPal.xcdatamodeld */ = {
			isa = XCVersionGroup;
			children = (
				80C864312CB9F80E002A2EBA /* WeatherPal.xcdatamodel */,
			);
			currentVersion = 80C864312CB9F80E002A2EBA /* WeatherPal.xcdatamodel */;
			path = WeatherPal.xcdatamodeld;
			sourceTree = "<group>";
			versionGroupType = wrapper.xcdatamodel;
		};
/* End XCVersionGroup section */
	};
	rootObject = 80C8641C2CB9F80E002A2EBA /* Project object */;
}
